
Microsoft Visual Studio Solution File, Format Version 12.00
# Visual Studio Version 16
VisualStudioVersion = 16.0.28803.452
MinimumVisualStudioVersion = 10.0.40219.1
Project("{FAE04EC0-301F-11D3-BF4B-00C04F79EFBC}") = "WordBank", "WordBank\WordBank.csproj", "{104EDA77-6E66-4259-B833-C0B93CD60371}"
EndProject
Global
	GlobalSection(SolutionConfigurationPlatforms) = preSolution
		Debug|Any CPU = Debug|Any CPU
		Release|Any CPU = Release|Any CPU
	EndGlobalSection
	GlobalSection(ProjectConfigurationPlatforms) = postSolution
		{104EDA77-6E66-4259-B833-C0B93CD60371}.Debug|Any CPU.ActiveCfg = Debug|Any CPU
		{104EDA77-6E66-4259-B833-C0B93CD60371}.Debug|Any CPU.Build.0 = Debug|Any CPU
		{104EDA77-6E66-4259-B833-C0B93CD60371}.Release|Any CPU.ActiveCfg = Release|Any CPU
		{104EDA77-6E66-4259-B833-C0B93CD60371}.Release|Any CPU.Build.0 = Release|Any CPU
	EndGlobalSection
	GlobalSection(SolutionProperties) = preSolution
		HideSolutionNode = FALSE
	EndGlobalSection
	GlobalSection(ExtensibilityGlobals) = postSolution
		SolutionGuid = {57FDE82D-4E13-40D1-8C29-50334ED1D0D1}
	EndGlobalSection
EndGlobal
